
Microsoft Visual Studio Solution File, Format Version 12.00
# Visual Studio 15
VisualStudioVersion = 15.0.28010.2048
MinimumVisualStudioVersion = 10.0.40219.1
Project("{8BC9CEB8-8B4A-11D0-8D11-00A0C91BC942}") = "GenerateIDs", "GenerateIDs\GenerateIDs.vcxproj", "{3E7671B8-EB5F-4770-AC12-760CBAD1BCFD}"
EndProject
Global
	GlobalSection(SolutionConfigurationPlatforms) = preSolution
		Debug|x64 = Debug|x64
		Debug|x86 = Debug|x86
		Release|x64 = Release|x64
		Release|x86 = Release|x86
	EndGlobalSection
	GlobalSection(ProjectConfigurationPlatforms) = postSolution
		{3E7671B8-EB5F-4770-AC12-760CBAD1BCFD}.Debug|x64.ActiveCfg = Debug|x64
		{3E7671B8-EB5F-4770-AC12-760CBAD1BCFD}.Debug|x64.Build.0 = Debug|x64
		{3E7671B8-EB5F-4770-AC12-760CBAD1BCFD}.Debug|x86.ActiveCfg = Debug|Win32
		{3E7671B8-EB5F-4770-AC12-760CBAD1BCFD}.Debug|x86.Build.0 = Debug|Win32
		{3E7671B8-EB5F-4770-AC12-760CBAD1BCFD}.Release|x64.ActiveCfg = Release|x64
		{3E7671B8-EB5F-4770-AC12-760CBAD1BCFD}.Release|x64.Build.0 = Release|x64
		{3E7671B8-EB5F-4770-AC12-760CBAD1BCFD}.Release|x86.ActiveCfg = Release|Win32
		{3E7671B8-EB5F-4770-AC12-760CBAD1BCFD}.Release|x86.Build.0 = Release|Win32
	EndGlobalSection
	GlobalSection(SolutionProperties) = preSolution
		HideSolutionNode = FALSE
	EndGlobalSection
	GlobalSection(ExtensibilityGlobals) = postSolution
		SolutionGuid = {C9696449-05CC-4F49-BD27-098842F56B17}
	EndGlobalSection
EndGlobal
