
Microsoft Visual Studio Solution File, Format Version 12.00
# Visual Studio 15
VisualStudioVersion = 15.0.28307.168
MinimumVisualStudioVersion = 10.0.40219.1
Project("{F184B08F-C81C-45F6-A57F-5ABD9991F28F}") = "AutotyperVB", "AutotyperVB\AutotyperVB.vbproj", "{273CC3D2-B4F1-42E3-87A5-E68D15A96823}"
EndProject
Global
	GlobalSection(SolutionConfigurationPlatforms) = preSolution
		Debug|Any CPU = Debug|Any CPU
		Release|Any CPU = Release|Any CPU
	EndGlobalSection
	GlobalSection(ProjectConfigurationPlatforms) = postSolution
		{273CC3D2-B4F1-42E3-87A5-E68D15A96823}.Debug|Any CPU.ActiveCfg = Debug|Any CPU
		{273CC3D2-B4F1-42E3-87A5-E68D15A96823}.Debug|Any CPU.Build.0 = Debug|Any CPU
		{273CC3D2-B4F1-42E3-87A5-E68D15A96823}.Release|Any CPU.ActiveCfg = Release|Any CPU
		{273CC3D2-B4F1-42E3-87A5-E68D15A96823}.Release|Any CPU.Build.0 = Release|Any CPU
	EndGlobalSection
	GlobalSection(SolutionProperties) = preSolution
		HideSolutionNode = FALSE
	EndGlobalSection
	GlobalSection(ExtensibilityGlobals) = postSolution
		SolutionGuid = {338A0F79-377E-4852-822E-CE44F17D20A6}
	EndGlobalSection
EndGlobal
